# THIS IS AN AUTOGENERATED FILE. DO NOT EDIT THIS FILE DIRECTLY.
# yarn lockfile v1


react-native-linear-gradient@^2.5.6:
  version "2.5.6"
  resolved "https://registry.yarnpkg.com/react-native-linear-gradient/-/react-native-linear-gradient-2.5.6.tgz#96215cbc5ec7a01247a20890888aa75b834d44a0"
  integrity sha512-HDwEaXcQIuXXCV70O+bK1rizFong3wj+5Q/jSyifKFLg0VWF95xh8XQgfzXwtq0NggL9vNjPKXa016KuFu+VFg==
